// !$*UTF8*$!
{
	archiveVersion = 1;
	classes = {
	};
	objectVersion = 46;
	objects = {

/* Begin PBXBuildFile section */
		1C0890A119AB422C00B76ED2 /* Foundation.framework in Frameworks */ = {isa = PBXBuildFile; fileRef = 1C0890A019AB422C00B76ED2 /* Foundation.framework */; };
		1C0890A319AB422C00B76ED2 /* CoreGraphics.framework in Frameworks */ = {isa = PBXBuildFile; fileRef = 1C0890A219AB422C00B76ED2 /* CoreGraphics.framework */; };
		1C0890A519AB422C00B76ED2 /* UIKit.framework in Frameworks */ = {isa = PBXBuildFile; fileRef = 1C0890A419AB422C00B76ED2 /* UIKit.framework */; };
		1C0890AB19AB422C00B76ED2 /* InfoPlist.strings in Resources */ = {isa = PBXBuildFile; fileRef = 1C0890A919AB422C00B76ED2 /* InfoPlist.strings */; };
		1C0890AD19AB422C00B76ED2 /* main.m in Sources */ = {isa = PBXBuildFile; fileRef = 1C0890AC19AB422C00B76ED2 /* main.m */; };
		1C0890B119AB422C00B76ED2 /* AppDelegate.m in Sources */ = {isa = PBXBuildFile; fileRef = 1C0890B019AB422C00B76ED2 /* AppDelegate.m */; };
		1C0890B319AB422C00B76ED2 /* Images.xcassets in Resources */ = {isa = PBXBuildFile; fileRef = 1C0890B219AB422C00B76ED2 /* Images.xcassets */; };
		1C0890BA19AB422C00B76ED2 /* XCTest.framework in Frameworks */ = {isa = PBXBuildFile; fileRef = 1C0890B919AB422C00B76ED2 /* XCTest.framework */; };
		1C0890BB19AB422C00B76ED2 /* Foundation.framework in Frameworks */ = {isa = PBXBuildFile; fileRef = 1C0890A019AB422C00B76ED2 /* Foundation.framework */; };
		1C0890BC19AB422C00B76ED2 /* UIKit.framework in Frameworks */ = {isa = PBXBuildFile; fileRef = 1C0890A419AB422C00B76ED2 /* UIKit.framework */; };
		1C0890C419AB422C00B76ED2 /* InfoPlist.strings in Resources */ = {isa = PBXBuildFile; fileRef = 1C0890C219AB422C00B76ED2 /* InfoPlist.strings */; };
		1C0890C619AB422C00B76ED2 /* DemoForGameCenterTests.m in Sources */ = {isa = PBXBuildFile; fileRef = 1C0890C519AB422C00B76ED2 /* DemoForGameCenterTests.m */; };
		1C0890D219AB425000B76ED2 /* ViewController.m in Sources */ = {isa = PBXBuildFile; fileRef = 1C0890D019AB425000B76ED2 /* ViewController.m */; };
		1C0890D319AB425000B76ED2 /* ViewController.xib in Resources */ = {isa = PBXBuildFile; fileRef = 1C0890D119AB425000B76ED2 /* ViewController.xib */; };
		1C0890D619AB436800B76ED2 /* GameCenterHelper.m in Sources */ = {isa = PBXBuildFile; fileRef = 1C0890D519AB436800B76ED2 /* GameCenterHelper.m */; };
		1C09854119AC173000D6B4F0 /* GameKit.framework in Frameworks */ = {isa = PBXBuildFile; fileRef = 1C09854019AC173000D6B4F0 /* GameKit.framework */; };
/* End PBXBuildFile section */

/* Begin PBXContainerItemProxy section */
		1C0890BD19AB422C00B76ED2 /* PBXContainerItemProxy */ = {
			isa = PBXContainerItemProxy;
			containerPortal = 1C08909519AB422C00B76ED2 /* Project object */;
			proxyType = 1;
			remoteGlobalIDString = 1C08909C19AB422C00B76ED2;
			remoteInfo = DemoForGameCenter;
		};
/* End PBXContainerItemProxy section */

/* Begin PBXFileReference section */
		1C08909D19AB422C00B76ED2 /* DemoForGameCenter.app */ = {isa = PBXFileReference; explicitFileType = wrapper.application; includeInIndex = 0; path = DemoForGameCenter.app; sourceTree = BUILT_PRODUCTS_DIR; };
		1C0890A019AB422C00B76ED2 /* Foundation.framework */ = {isa = PBXFileReference; lastKnownFileType = wrapper.framework; name = Foundation.framework; path = System/Library/Frameworks/Foundation.framework; sourceTree = SDKROOT; };
		1C0890A219AB422C00B76ED2 /* CoreGraphics.framework */ = {isa = PBXFileReference; lastKnownFileType = wrapper.framework; name = CoreGraphics.framework; path = System/Library/Frameworks/CoreGraphics.framework; sourceTree = SDKROOT; };
		1C0890A419AB422C00B76ED2 /* UIKit.framework */ = {isa = PBXFileReference; lastKnownFileType = wrapper.framework; name = UIKit.framework; path = System/Library/Frameworks/UIKit.framework; sourceTree = SDKROOT; };
		1C0890A819AB422C00B76ED2 /* DemoForGameCenter-Info.plist */ = {isa = PBXFileReference; lastKnownFileType = text.plist.xml; path = "DemoForGameCenter-Info.plist"; sourceTree = "<group>"; };
		1C0890AA19AB422C00B76ED2 /* en */ = {isa = PBXFileReference; lastKnownFileType = text.plist.strings; name = en; path = en.lproj/InfoPlist.strings; sourceTree = "<group>"; };
		1C0890AC19AB422C00B76ED2 /* main.m */ = {isa = PBXFileReference; lastKnownFileType = sourcecode.c.objc; path = main.m; sourceTree = "<group>"; };
		1C0890AE19AB422C00B76ED2 /* DemoForGameCenter-Prefix.pch */ = {isa = PBXFileReference; lastKnownFileType = sourcecode.c.h; path = "DemoForGameCenter-Prefix.pch"; sourceTree = "<group>"; };
		1C0890AF19AB422C00B76ED2 /* AppDelegate.h */ = {isa = PBXFileReference; lastKnownFileType = sourcecode.c.h; path = AppDelegate.h; sourceTree = "<group>"; };
		1C0890B019AB422C00B76ED2 /* AppDelegate.m */ = {isa = PBXFileReference; lastKnownFileType = sourcecode.c.objc; path = AppDelegate.m; sourceTree = "<group>"; };
		1C0890B219AB422C00B76ED2 /* Images.xcassets */ = {isa = PBXFileReference; lastKnownFileType = folder.assetcatalog; path = Images.xcassets; sourceTree = "<group>"; };
		1C0890B819AB422C00B76ED2 /* DemoForGameCenterTests.xctest */ = {isa = PBXFileReference; explicitFileType = wrapper.cfbundle; includeInIndex = 0; path = DemoForGameCenterTests.xctest; sourceTree = BUILT_PRODUCTS_DIR; };
		1C0890B919AB422C00B76ED2 /* XCTest.framework */ = {isa = PBXFileReference; lastKnownFileType = wrapper.framework; name = XCTest.framework; path = Library/Frameworks/XCTest.framework; sourceTree = DEVELOPER_DIR; };
		1C0890C119AB422C00B76ED2 /* DemoForGameCenterTests-Info.plist */ = {isa = PBXFileReference; lastKnownFileType = text.plist.xml; path = "DemoForGameCenterTests-Info.plist"; sourceTree = "<group>"; };
		1C0890C319AB422C00B76ED2 /* en */ = {isa = PBXFileReference; lastKnownFileType = text.plist.strings; name = en; path = en.lproj/InfoPlist.strings; sourceTree = "<group>"; };
		1C0890C519AB422C00B76ED2 /* DemoForGameCenterTests.m */ = {isa = PBXFileReference; lastKnownFileType = sourcecode.c.objc; path = DemoForGameCenterTests.m; sourceTree = "<group>"; };
		1C0890CF19AB425000B76ED2 /* ViewController.h */ = {isa = PBXFileReference; fileEncoding = 4; lastKnownFileType = sourcecode.c.h; path = ViewController.h; sourceTree = "<group>"; };
		1C0890D019AB425000B76ED2 /* ViewController.m */ = {isa = PBXFileReference; fileEncoding = 4; lastKnownFileType = sourcecode.c.objc; path = ViewController.m; sourceTree = "<group>"; };
		1C0890D119AB425000B76ED2 /* ViewController.xib */ = {isa = PBXFileReference; fileEncoding = 4; lastKnownFileType = file.xib; path = ViewController.xib; sourceTree = "<group>"; };
		1C0890D419AB436800B76ED2 /* GameCenterHelper.h */ = {isa = PBXFileReference; fileEncoding = 4; lastKnownFileType = sourcecode.c.h; name = GameCenterHelper.h; path = GameCenterHelper/GameCenterHelper.h; sourceTree = SOURCE_ROOT; };
		1C0890D519AB436800B76ED2 /* GameCenterHelper.m */ = {isa = PBXFileReference; fileEncoding = 4; lastKnownFileType = sourcecode.c.objc; name = GameCenterHelper.m; path = GameCenterHelper/GameCenterHelper.m; sourceTree = SOURCE_ROOT; };
		1C09854019AC173000D6B4F0 /* GameKit.framework */ = {isa = PBXFileReference; lastKnownFileType = wrapper.framework; name = GameKit.framework; path = System/Library/Frameworks/GameKit.framework; sourceTree = SDKROOT; };
/* End PBXFileReference section */

/* Begin PBXFrameworksBuildPhase section */
		1C08909A19AB422C00B76ED2 /* Frameworks */ = {
			isa = PBXFrameworksBuildPhase;
			buildActionMask = 2147483647;
			files = (
				1C09854119AC173000D6B4F0 /* GameKit.framework in Frameworks */,
				1C0890A319AB422C00B76ED2 /* CoreGraphics.framework in Frameworks */,
				1C0890A519AB422C00B76ED2 /* UIKit.framework in Frameworks */,
				1C0890A119AB422C00B76ED2 /* Foundation.framework in Frameworks */,
			);
			runOnlyForDeploymentPostprocessing = 0;
		};
		1C0890B519AB422C00B76ED2 /* Frameworks */ = {
			isa = PBXFrameworksBuildPhase;
			buildActionMask = 2147483647;
			files = (
				1C0890BA19AB422C00B76ED2 /* XCTest.framework in Frameworks */,
				1C0890BC19AB422C00B76ED2 /* UIKit.framework in Frameworks */,
				1C0890BB19AB422C00B76ED2 /* Foundation.framework in Frameworks */,
			);
			runOnlyForDeploymentPostprocessing = 0;
		};
/* End PBXFrameworksBuildPhase section */

/* Begin PBXGroup section */
		1C08909419AB422C00B76ED2 = {
			isa = PBXGroup;
			children = (
				1C0890A619AB422C00B76ED2 /* DemoForGameCenter */,
				1C0890BF19AB422C00B76ED2 /* DemoForGameCenterTests */,
				1C08909F19AB422C00B76ED2 /* Frameworks */,
				1C08909E19AB422C00B76ED2 /* Products */,
			);
			sourceTree = "<group>";
		};
		1C08909E19AB422C00B76ED2 /* Products */ = {
			isa = PBXGroup;
			children = (
				1C08909D19AB422C00B76ED2 /* DemoForGameCenter.app */,
				1C0890B819AB422C00B76ED2 /* DemoForGameCenterTests.xctest */,
			);
			name = Products;
			sourceTree = "<group>";
		};
		1C08909F19AB422C00B76ED2 /* Frameworks */ = {
			isa = PBXGroup;
			children = (
				1C09854019AC173000D6B4F0 /* GameKit.framework */,
				1C0890A019AB422C00B76ED2 /* Foundation.framework */,
				1C0890A219AB422C00B76ED2 /* CoreGraphics.framework */,
				1C0890A419AB422C00B76ED2 /* UIKit.framework */,
				1C0890B919AB422C00B76ED2 /* XCTest.framework */,
			);
			name = Frameworks;
			sourceTree = "<group>";
		};
		1C0890A619AB422C00B76ED2 /* DemoForGameCenter */ = {
			isa = PBXGroup;
			children = (
				1C0890AF19AB422C00B76ED2 /* AppDelegate.h */,
				1C0890B019AB422C00B76ED2 /* AppDelegate.m */,
				1C0890B219AB422C00B76ED2 /* Images.xcassets */,
				1C0890A719AB422C00B76ED2 /* Supporting Files */,
				1C0890CF19AB425000B76ED2 /* ViewController.h */,
				1C0890D019AB425000B76ED2 /* ViewController.m */,
				1C0890D119AB425000B76ED2 /* ViewController.xib */,
				1C0890D419AB436800B76ED2 /* GameCenterHelper.h */,
				1C0890D519AB436800B76ED2 /* GameCenterHelper.m */,
			);
			path = DemoForGameCenter;
			sourceTree = "<group>";
		};
		1C0890A719AB422C00B76ED2 /* Supporting Files */ = {
			isa = PBXGroup;
			children = (
				1C0890A819AB422C00B76ED2 /* DemoForGameCenter-Info.plist */,
				1C0890A919AB422C00B76ED2 /* InfoPlist.strings */,
				1C0890AC19AB422C00B76ED2 /* main.m */,
				1C0890AE19AB422C00B76ED2 /* DemoForGameCenter-Prefix.pch */,
			);
			name = "Supporting Files";
			sourceTree = "<group>";
		};
		1C0890BF19AB422C00B76ED2 /* DemoForGameCenterTests */ = {
			isa = PBXGroup;
			children = (
				1C0890C519AB422C00B76ED2 /* DemoForGameCenterTests.m */,
				1C0890C019AB422C00B76ED2 /* Supporting Files */,
			);
			path = DemoForGameCenterTests;
			sourceTree = "<group>";
		};
		1C0890C019AB422C00B76ED2 /* Supporting Files */ = {
			isa = PBXGroup;
			children = (
				1C0890C119AB422C00B76ED2 /* DemoForGameCenterTests-Info.plist */,
				1C0890C219AB422C00B76ED2 /* InfoPlist.strings */,
			);
			name = "Supporting Files";
			sourceTree = "<group>";
		};
/* End PBXGroup section */

/* Begin PBXNativeTarget section */
		1C08909C19AB422C00B76ED2 /* DemoForGameCenter */ = {
			isa = PBXNativeTarget;
			buildConfigurationList = 1C0890C919AB422C00B76ED2 /* Build configuration list for PBXNativeTarget "DemoForGameCenter" */;
			buildPhases = (
				1C08909919AB422C00B76ED2 /* Sources */,
				1C08909A19AB422C00B76ED2 /* Frameworks */,
				1C08909B19AB422C00B76ED2 /* Resources */,
			);
			buildRules = (
			);
			dependencies = (
			);
			name = DemoForGameCenter;
			productName = DemoForGameCenter;
			productReference = 1C08909D19AB422C00B76ED2 /* DemoForGameCenter.app */;
			productType = "com.apple.product-type.application";
		};
		1C0890B719AB422C00B76ED2 /* DemoForGameCenterTests */ = {
			isa = PBXNativeTarget;
			buildConfigurationList = 1C0890CC19AB422C00B76ED2 /* Build configuration list for PBXNativeTarget "DemoForGameCenterTests" */;
			buildPhases = (
				1C0890B419AB422C00B76ED2 /* Sources */,
				1C0890B519AB422C00B76ED2 /* Frameworks */,
				1C0890B619AB422C00B76ED2 /* Resources */,
			);
			buildRules = (
			);
			dependencies = (
				1C0890BE19AB422C00B76ED2 /* PBXTargetDependency */,
			);
			name = DemoForGameCenterTests;
			productName = DemoForGameCenterTests;
			productReference = 1C0890B819AB422C00B76ED2 /* DemoForGameCenterTests.xctest */;
			productType = "com.apple.product-type.bundle.unit-test";
		};
/* End PBXNativeTarget section */

/* Begin PBXProject section */
		1C08909519AB422C00B76ED2 /* Project object */ = {
			isa = PBXProject;
			attributes = {
				LastUpgradeCheck = 0510;
				ORGANIZATIONNAME = darklinden;
				TargetAttributes = {
					1C0890B719AB422C00B76ED2 = {
						TestTargetID = 1C08909C19AB422C00B76ED2;
					};
				};
			};
			buildConfigurationList = 1C08909819AB422C00B76ED2 /* Build configuration list for PBXProject "DemoForGameCenter" */;
			compatibilityVersion = "Xcode 3.2";
			developmentRegion = English;
			hasScannedForEncodings = 0;
			knownRegions = (
				en,
			);
			mainGroup = 1C08909419AB422C00B76ED2;
			productRefGroup = 1C08909E19AB422C00B76ED2 /* Products */;
			projectDirPath = "";
			projectRoot = "";
			targets = (
				1C08909C19AB422C00B76ED2 /* DemoForGameCenter */,
				1C0890B719AB422C00B76ED2 /* DemoForGameCenterTests */,
			);
		};
/* End PBXProject section */

/* Begin PBXResourcesBuildPhase section */
		1C08909B19AB422C00B76ED2 /* Resources */ = {
			isa = PBXResourcesBuildPhase;
			buildActionMask = 2147483647;
			files = (
				1C0890AB19AB422C00B76ED2 /* InfoPlist.strings in Resources */,
				1C0890D319AB425000B76ED2 /* ViewController.xib in Resources */,
				1C0890B319AB422C00B76ED2 /* Images.xcassets in Resources */,
			);
			runOnlyForDeploymentPostprocessing = 0;
		};
		1C0890B619AB422C00B76ED2 /* Resources */ = {
			isa = PBXResourcesBuildPhase;
			buildActionMask = 2147483647;
			files = (
				1C0890C419AB422C00B76ED2 /* InfoPlist.strings in Resources */,
			);
			runOnlyForDeploymentPostprocessing = 0;
		};
/* End PBXResourcesBuildPhase section */

/* Begin PBXSourcesBuildPhase section */
		1C08909919AB422C00B76ED2 /* Sources */ = {
			isa = PBXSourcesBuildPhase;
			buildActionMask = 2147483647;
			files = (
				1C0890D619AB436800B76ED2 /* GameCenterHelper.m in Sources */,
				1C0890D219AB425000B76ED2 /* ViewController.m in Sources */,
				1C0890B119AB422C00B76ED2 /* AppDelegate.m in Sources */,
				1C0890AD19AB422C00B76ED2 /* main.m in Sources */,
			);
			runOnlyForDeploymentPostprocessing = 0;
		};
		1C0890B419AB422C00B76ED2 /* Sources */ = {
			isa = PBXSourcesBuildPhase;
			buildActionMask = 2147483647;
			files = (
				1C0890C619AB422C00B76ED2 /* DemoForGameCenterTests.m in Sources */,
			);
			runOnlyForDeploymentPostprocessing = 0;
		};
/* End PBXSourcesBuildPhase section */

/* Begin PBXTargetDependency section */
		1C0890BE19AB422C00B76ED2 /* PBXTargetDependency */ = {
			isa = PBXTargetDependency;
			target = 1C08909C19AB422C00B76ED2 /* DemoForGameCenter */;
			targetProxy = 1C0890BD19AB422C00B76ED2 /* PBXContainerItemProxy */;
		};
/* End PBXTargetDependency section */

/* Begin PBXVariantGroup section */
		1C0890A919AB422C00B76ED2 /* InfoPlist.strings */ = {
			isa = PBXVariantGroup;
			children = (
				1C0890AA19AB422C00B76ED2 /* en */,
			);
			name = InfoPlist.strings;
			sourceTree = "<group>";
		};
		1C0890C219AB422C00B76ED2 /* InfoPlist.strings */ = {
			isa = PBXVariantGroup;
			children = (
				1C0890C319AB422C00B76ED2 /* en */,
			);
			name = InfoPlist.strings;
			sourceTree = "<group>";
		};
/* End PBXVariantGroup section */

/* Begin XCBuildConfiguration section */
		1C0890C719AB422C00B76ED2 /* Debug */ = {
			isa = XCBuildConfiguration;
			buildSettings = {
				ALWAYS_SEARCH_USER_PATHS = NO;
				CLANG_CXX_LANGUAGE_STANDARD = "gnu++0x";
				CLANG_CXX_LIBRARY = "libc++";
				CLANG_ENABLE_MODULES = YES;
				CLANG_ENABLE_OBJC_ARC = YES;
				CLANG_WARN_BOOL_CONVERSION = YES;
				CLANG_WARN_CONSTANT_CONVERSION = YES;
				CLANG_WARN_DIRECT_OBJC_ISA_USAGE = YES_ERROR;
				CLANG_WARN_EMPTY_BODY = YES;
				CLANG_WARN_ENUM_CONVERSION = YES;
				CLANG_WARN_INT_CONVERSION = YES;
				CLANG_WARN_OBJC_ROOT_CLASS = YES_ERROR;
				CLANG_WARN__DUPLICATE_METHOD_MATCH = YES;
				"CODE_SIGN_IDENTITY[sdk=iphoneos*]" = "iPhone Developer";
				COPY_PHASE_STRIP = NO;
				GCC_C_LANGUAGE_STANDARD = gnu99;
				GCC_DYNAMIC_NO_PIC = NO;
				GCC_OPTIMIZATION_LEVEL = 0;
				GCC_PREPROCESSOR_DEFINITIONS = (
					"DEBUG=1",
					"$(inherited)",
				);
				GCC_SYMBOLS_PRIVATE_EXTERN = NO;
				GCC_WARN_64_TO_32_BIT_CONVERSION = YES;
				GCC_WARN_ABOUT_RETURN_TYPE = YES_ERROR;
				GCC_WARN_UNDECLARED_SELECTOR = YES;
				GCC_WARN_UNINITIALIZED_AUTOS = YES_AGGRESSIVE;
				GCC_WARN_UNUSED_FUNCTION = YES;
				GCC_WARN_UNUSED_VARIABLE = YES;
				IPHONEOS_DEPLOYMENT_TARGET = 7.1;
				ONLY_ACTIVE_ARCH = YES;
				SDKROOT = iphoneos;
			};
			name = Debug;
		};
		1C0890C819AB422C00B76ED2 /* Release */ = {
			isa = XCBuildConfiguration;
			buildSettings = {
				ALWAYS_SEARCH_USER_PATHS = NO;
				CLANG_CXX_LANGUAGE_STANDARD = "gnu++0x";
				CLANG_CXX_LIBRARY = "libc++";
				CLANG_ENABLE_MODULES = YES;
				CLANG_ENABLE_OBJC_ARC = YES;
				CLANG_WARN_BOOL_CONVERSION = YES;
				CLANG_WARN_CONSTANT_CONVERSION = YES;
				CLANG_WARN_DIRECT_OBJC_ISA_USAGE = YES_ERROR;
				CLANG_WARN_EMPTY_BODY = YES;
				CLANG_WARN_ENUM_CONVERSION = YES;
				CLANG_WARN_INT_CONVERSION = YES;
				CLANG_WARN_OBJC_ROOT_CLASS = YES_ERROR;
				CLANG_WARN__DUPLICATE_METHOD_MATCH = YES;
				"CODE_SIGN_IDENTITY[sdk=iphoneos*]" = "iPhone Developer";
				COPY_PHASE_STRIP = YES;
				ENABLE_NS_ASSERTIONS = NO;
				GCC_C_LANGUAGE_STANDARD = gnu99;
				GCC_WARN_64_TO_32_BIT_CONVERSION = YES;
				GCC_WARN_ABOUT_RETURN_TYPE = YES_ERROR;
				GCC_WARN_UNDECLARED_SELECTOR = YES;
				GCC_WARN_UNINITIALIZED_AUTOS = YES_AGGRESSIVE;
				GCC_WARN_UNUSED_FUNCTION = YES;
				GCC_WARN_UNUSED_VARIABLE = YES;
				IPHONEOS_DEPLOYMENT_TARGET = 7.1;
				SDKROOT = iphoneos;
				VALIDATE_PRODUCT = YES;
			};
			name = Release;
		};
		1C0890CA19AB422C00B76ED2 /* Debug */ = {
			isa = XCBuildConfiguration;
			buildSettings = {
				ASSETCATALOG_COMPILER_APPICON_NAME = AppIcon;
				ASSETCATALOG_COMPILER_LAUNCHIMAGE_NAME = LaunchImage;
				GCC_PRECOMPILE_PREFIX_HEADER = YES;
				GCC_PREFIX_HEADER = "DemoForGameCenter/DemoForGameCenter-Prefix.pch";
				INFOPLIST_FILE = "DemoForGameCenter/DemoForGameCenter-Info.plist";
				PRODUCT_NAME = "$(TARGET_NAME)";
				WRAPPER_EXTENSION = app;
			};
			name = Debug;
		};
		1C0890CB19AB422C00B76ED2 /* Release */ = {
			isa = XCBuildConfiguration;
			buildSettings = {
				ASSETCATALOG_COMPILER_APPICON_NAME = AppIcon;
				ASSETCATALOG_COMPILER_LAUNCHIMAGE_NAME = LaunchImage;
				GCC_PRECOMPILE_PREFIX_HEADER = YES;
				GCC_PREFIX_HEADER = "DemoForGameCenter/DemoForGameCenter-Prefix.pch";
				INFOPLIST_FILE = "DemoForGameCenter/DemoForGameCenter-Info.plist";
				PRODUCT_NAME = "$(TARGET_NAME)";
				WRAPPER_EXTENSION = app;
			};
			name = Release;
		};
		1C0890CD19AB422C00B76ED2 /* Debug */ = {
			isa = XCBuildConfiguration;
			buildSettings = {
				BUNDLE_LOADER = "$(BUILT_PRODUCTS_DIR)/DemoForGameCenter.app/DemoForGameCenter";
				FRAMEWORK_SEARCH_PATHS = (
					"$(SDKROOT)/Developer/Library/Frameworks",
					"$(inherited)",
					"$(DEVELOPER_FRAMEWORKS_DIR)",
				);
				GCC_PRECOMPILE_PREFIX_HEADER = YES;
				GCC_PREFIX_HEADER = "DemoForGameCenter/DemoForGameCenter-Prefix.pch";
				GCC_PREPROCESSOR_DEFINITIONS = (
					"DEBUG=1",
					"$(inherited)",
				);
				INFOPLIST_FILE = "DemoForGameCenterTests/DemoForGameCenterTests-Info.plist";
				PRODUCT_NAME = "$(TARGET_NAME)";
				TEST_HOST = "$(BUNDLE_LOADER)";
				WRAPPER_EXTENSION = xctest;
			};
			name = Debug;
		};
		1C0890CE19AB422C00B76ED2 /* Release */ = {
			isa = XCBuildConfiguration;
			buildSettings = {
				BUNDLE_LOADER = "$(BUILT_PRODUCTS_DIR)/DemoForGameCenter.app/DemoForGameCenter";
				FRAMEWORK_SEARCH_PATHS = (
					"$(SDKROOT)/Developer/Library/Frameworks",
					"$(inherited)",
					"$(DEVELOPER_FRAMEWORKS_DIR)",
				);
				GCC_PRECOMPILE_PREFIX_HEADER = YES;
				GCC_PREFIX_HEADER = "DemoForGameCenter/DemoForGameCenter-Prefix.pch";
				INFOPLIST_FILE = "DemoForGameCenterTests/DemoForGameCenterTests-Info.plist";
				PRODUCT_NAME = "$(TARGET_NAME)";
				TEST_HOST = "$(BUNDLE_LOADER)";
				WRAPPER_EXTENSION = xctest;
			};
			name = Release;
		};
/* End XCBuildConfiguration section */

/* Begin XCConfigurationList section */
		1C08909819AB422C00B76ED2 /* Build configuration list for PBXProject "DemoForGameCenter" */ = {
			isa = XCConfigurationList;
			buildConfigurations = (
				1C0890C719AB422C00B76ED2 /* Debug */,
				1C0890C819AB422C00B76ED2 /* Release */,
			);
			defaultConfigurationIsVisible = 0;
			defaultConfigurationName = Release;
		};
		1C0890C919AB422C00B76ED2 /* Build configuration list for PBXNativeTarget "DemoForGameCenter" */ = {
			isa = XCConfigurationList;
			buildConfigurations = (
				1C0890CA19AB422C00B76ED2 /* Debug */,
				1C0890CB19AB422C00B76ED2 /* Release */,
			);
			defaultConfigurationIsVisible = 0;
			defaultConfigurationName = Release;
		};
		1C0890CC19AB422C00B76ED2 /* Build configuration list for PBXNativeTarget "DemoForGameCenterTests" */ = {
			isa = XCConfigurationList;
			buildConfigurations = (
				1C0890CD19AB422C00B76ED2 /* Debug */,
				1C0890CE19AB422C00B76ED2 /* Release */,
			);
			defaultConfigurationIsVisible = 0;
			defaultConfigurationName = Release;
		};
/* End XCConfigurationList section */
	};
	rootObject = 1C08909519AB422C00B76ED2 /* Project object */;
}
